
Microsoft Visual Studio Solution File, Format Version 12.00
# Visual Studio 14
VisualStudioVersion = 14.0.25420.1
MinimumVisualStudioVersion = 10.0.40219.1
Project("{FAE04EC0-301F-11D3-BF4B-00C04F79EFBC}") = "listop", "listop\listop.csproj", "{24FD0089-69D4-434A-8A6E-657E77532D77}"
EndProject
Project("{FAE04EC0-301F-11D3-BF4B-00C04F79EFBC}") = "MTW", "MTW\MTW.csproj", "{0F28B5DC-9857-4889-A47C-BCF90BB3B27D}"
EndProject
Project("{FAE04EC0-301F-11D3-BF4B-00C04F79EFBC}") = "invokedemo", "invokedemo\invokedemo.csproj", "{E0C976EC-CA1C-46B3-BBB9-FA64DCBE5483}"
EndProject
Project("{FAE04EC0-301F-11D3-BF4B-00C04F79EFBC}") = "taskdemo", "ConsoleApplication1\taskdemo.csproj", "{E1F1CA62-1E1B-45E8-AB5A-04BEB4B57DE8}"
EndProject
Global
	GlobalSection(SolutionConfigurationPlatforms) = preSolution
		Debug|Any CPU = Debug|Any CPU
		Release|Any CPU = Release|Any CPU
	EndGlobalSection
	GlobalSection(ProjectConfigurationPlatforms) = postSolution
		{24FD0089-69D4-434A-8A6E-657E77532D77}.Debug|Any CPU.ActiveCfg = Debug|Any CPU
		{24FD0089-69D4-434A-8A6E-657E77532D77}.Debug|Any CPU.Build.0 = Debug|Any CPU
		{24FD0089-69D4-434A-8A6E-657E77532D77}.Release|Any CPU.ActiveCfg = Release|Any CPU
		{24FD0089-69D4-434A-8A6E-657E77532D77}.Release|Any CPU.Build.0 = Release|Any CPU
		{0F28B5DC-9857-4889-A47C-BCF90BB3B27D}.Debug|Any CPU.ActiveCfg = Debug|Any CPU
		{0F28B5DC-9857-4889-A47C-BCF90BB3B27D}.Debug|Any CPU.Build.0 = Debug|Any CPU
		{0F28B5DC-9857-4889-A47C-BCF90BB3B27D}.Release|Any CPU.ActiveCfg = Release|Any CPU
		{0F28B5DC-9857-4889-A47C-BCF90BB3B27D}.Release|Any CPU.Build.0 = Release|Any CPU
		{E0C976EC-CA1C-46B3-BBB9-FA64DCBE5483}.Debug|Any CPU.ActiveCfg = Debug|Any CPU
		{E0C976EC-CA1C-46B3-BBB9-FA64DCBE5483}.Debug|Any CPU.Build.0 = Debug|Any CPU
		{E0C976EC-CA1C-46B3-BBB9-FA64DCBE5483}.Release|Any CPU.ActiveCfg = Release|Any CPU
		{E0C976EC-CA1C-46B3-BBB9-FA64DCBE5483}.Release|Any CPU.Build.0 = Release|Any CPU
		{E1F1CA62-1E1B-45E8-AB5A-04BEB4B57DE8}.Debug|Any CPU.ActiveCfg = Debug|Any CPU
		{E1F1CA62-1E1B-45E8-AB5A-04BEB4B57DE8}.Debug|Any CPU.Build.0 = Debug|Any CPU
		{E1F1CA62-1E1B-45E8-AB5A-04BEB4B57DE8}.Release|Any CPU.ActiveCfg = Release|Any CPU
		{E1F1CA62-1E1B-45E8-AB5A-04BEB4B57DE8}.Release|Any CPU.Build.0 = Release|Any CPU
	EndGlobalSection
	GlobalSection(SolutionProperties) = preSolution
		HideSolutionNode = FALSE
	EndGlobalSection
EndGlobal
