
Microsoft Visual Studio Solution File, Format Version 12.00
# Visual Studio 14
VisualStudioVersion = 14.0.23107.0
MinimumVisualStudioVersion = 10.0.40219.1
Project("{FAE04EC0-301F-11D3-BF4B-00C04F79EFBC}") = "1_DialogDemo", "DialogDemo\1_DialogDemo.csproj", "{23264C04-8D71-4EDA-9CBB-CFBFB4440F0F}"
EndProject
Project("{FAE04EC0-301F-11D3-BF4B-00C04F79EFBC}") = "2_MenuDemo", "MenuDemo\2_MenuDemo.csproj", "{9405F320-2C84-43B8-8F69-68FB0F3CC55B}"
EndProject
Project("{FAE04EC0-301F-11D3-BF4B-00C04F79EFBC}") = "3_StatusStripDemo", "StatusStripDemo\3_StatusStripDemo.csproj", "{539F9C82-AA73-40BD-8200-B29FD0A7E509}"
EndProject
Project("{FAE04EC0-301F-11D3-BF4B-00C04F79EFBC}") = "4_TreeDemo", "TreeDemo\4_TreeDemo.csproj", "{EBE3B7AC-5146-47C3-AEB3-FE7781667E69}"
EndProject
Global
	GlobalSection(SolutionConfigurationPlatforms) = preSolution
		Debug|Any CPU = Debug|Any CPU
		Release|Any CPU = Release|Any CPU
	EndGlobalSection
	GlobalSection(ProjectConfigurationPlatforms) = postSolution
		{23264C04-8D71-4EDA-9CBB-CFBFB4440F0F}.Debug|Any CPU.ActiveCfg = Debug|Any CPU
		{23264C04-8D71-4EDA-9CBB-CFBFB4440F0F}.Debug|Any CPU.Build.0 = Debug|Any CPU
		{23264C04-8D71-4EDA-9CBB-CFBFB4440F0F}.Release|Any CPU.ActiveCfg = Release|Any CPU
		{23264C04-8D71-4EDA-9CBB-CFBFB4440F0F}.Release|Any CPU.Build.0 = Release|Any CPU
		{9405F320-2C84-43B8-8F69-68FB0F3CC55B}.Debug|Any CPU.ActiveCfg = Debug|Any CPU
		{9405F320-2C84-43B8-8F69-68FB0F3CC55B}.Debug|Any CPU.Build.0 = Debug|Any CPU
		{9405F320-2C84-43B8-8F69-68FB0F3CC55B}.Release|Any CPU.ActiveCfg = Release|Any CPU
		{9405F320-2C84-43B8-8F69-68FB0F3CC55B}.Release|Any CPU.Build.0 = Release|Any CPU
		{539F9C82-AA73-40BD-8200-B29FD0A7E509}.Debug|Any CPU.ActiveCfg = Debug|Any CPU
		{539F9C82-AA73-40BD-8200-B29FD0A7E509}.Debug|Any CPU.Build.0 = Debug|Any CPU
		{539F9C82-AA73-40BD-8200-B29FD0A7E509}.Release|Any CPU.ActiveCfg = Release|Any CPU
		{539F9C82-AA73-40BD-8200-B29FD0A7E509}.Release|Any CPU.Build.0 = Release|Any CPU
		{EBE3B7AC-5146-47C3-AEB3-FE7781667E69}.Debug|Any CPU.ActiveCfg = Debug|Any CPU
		{EBE3B7AC-5146-47C3-AEB3-FE7781667E69}.Debug|Any CPU.Build.0 = Debug|Any CPU
		{EBE3B7AC-5146-47C3-AEB3-FE7781667E69}.Release|Any CPU.ActiveCfg = Release|Any CPU
		{EBE3B7AC-5146-47C3-AEB3-FE7781667E69}.Release|Any CPU.Build.0 = Release|Any CPU
	EndGlobalSection
	GlobalSection(SolutionProperties) = preSolution
		HideSolutionNode = FALSE
	EndGlobalSection
EndGlobal
