
Microsoft Visual Studio Solution File, Format Version 12.00
# Visual Studio Version 16
VisualStudioVersion = 16.0.30320.27
MinimumVisualStudioVersion = 10.0.40219.1
Project("{FAE04EC0-301F-11D3-BF4B-00C04F79EFBC}") = "poweroff", "poweroff.csproj", "{52E540F1-F3B6-49A4-9529-00EFD292CF63}"
EndProject
Global
	GlobalSection(SolutionConfigurationPlatforms) = preSolution
		Debug|Any CPU = Debug|Any CPU
		Release|Any CPU = Release|Any CPU
	EndGlobalSection
	GlobalSection(ProjectConfigurationPlatforms) = postSolution
		{52E540F1-F3B6-49A4-9529-00EFD292CF63}.Debug|Any CPU.ActiveCfg = Debug|Any CPU
		{52E540F1-F3B6-49A4-9529-00EFD292CF63}.Debug|Any CPU.Build.0 = Debug|Any CPU
		{52E540F1-F3B6-49A4-9529-00EFD292CF63}.Release|Any CPU.ActiveCfg = Release|Any CPU
		{52E540F1-F3B6-49A4-9529-00EFD292CF63}.Release|Any CPU.Build.0 = Release|Any CPU
	EndGlobalSection
	GlobalSection(SolutionProperties) = preSolution
		HideSolutionNode = FALSE
	EndGlobalSection
	GlobalSection(ExtensibilityGlobals) = postSolution
		SolutionGuid = {B7C5B454-FBE3-4235-951C-D4BC778FFAD6}
	EndGlobalSection
EndGlobal
