
Microsoft Visual Studio Solution File, Format Version 12.00
# Visual Studio 14
VisualStudioVersion = 14.0.25420.1
MinimumVisualStudioVersion = 10.0.40219.1
Project("{FAE04EC0-301F-11D3-BF4B-00C04F79EFBC}") = "socketdemo2", "socketdemo2\socketdemo2.csproj", "{AECBC190-7270-4965-A264-2850343F4272}"
EndProject
Global
	GlobalSection(SolutionConfigurationPlatforms) = preSolution
		Debug|Any CPU = Debug|Any CPU
		Release|Any CPU = Release|Any CPU
	EndGlobalSection
	GlobalSection(ProjectConfigurationPlatforms) = postSolution
		{AECBC190-7270-4965-A264-2850343F4272}.Debug|Any CPU.ActiveCfg = Debug|Any CPU
		{AECBC190-7270-4965-A264-2850343F4272}.Debug|Any CPU.Build.0 = Debug|Any CPU
		{AECBC190-7270-4965-A264-2850343F4272}.Release|Any CPU.ActiveCfg = Release|Any CPU
		{AECBC190-7270-4965-A264-2850343F4272}.Release|Any CPU.Build.0 = Release|Any CPU
	EndGlobalSection
	GlobalSection(SolutionProperties) = preSolution
		HideSolutionNode = FALSE
	EndGlobalSection
EndGlobal
