
Microsoft Visual Studio Solution File, Format Version 12.00
# Visual Studio Version 16
VisualStudioVersion = 16.0.30320.27
MinimumVisualStudioVersion = 10.0.40219.1
Project("{FAE04EC0-301F-11D3-BF4B-00C04F79EFBC}") = "ChildPipClient", "ChildPipClient.csproj", "{1D33D885-70D0-47DC-B99A-4842B4562C5C}"
EndProject
Global
	GlobalSection(SolutionConfigurationPlatforms) = preSolution
		Debug|Any CPU = Debug|Any CPU
		Release|Any CPU = Release|Any CPU
	EndGlobalSection
	GlobalSection(ProjectConfigurationPlatforms) = postSolution
		{1D33D885-70D0-47DC-B99A-4842B4562C5C}.Debug|Any CPU.ActiveCfg = Debug|Any CPU
		{1D33D885-70D0-47DC-B99A-4842B4562C5C}.Debug|Any CPU.Build.0 = Debug|Any CPU
		{1D33D885-70D0-47DC-B99A-4842B4562C5C}.Release|Any CPU.ActiveCfg = Release|Any CPU
		{1D33D885-70D0-47DC-B99A-4842B4562C5C}.Release|Any CPU.Build.0 = Release|Any CPU
	EndGlobalSection
	GlobalSection(SolutionProperties) = preSolution
		HideSolutionNode = FALSE
	EndGlobalSection
	GlobalSection(ExtensibilityGlobals) = postSolution
		SolutionGuid = {DFB218FB-BE62-4F8E-8807-FF8690A0ADAD}
	EndGlobalSection
EndGlobal
