
Microsoft Visual Studio Solution File, Format Version 12.00
# Visual Studio 14
VisualStudioVersion = 14.0.25420.1
MinimumVisualStudioVersion = 10.0.40219.1
Project("{FAE04EC0-301F-11D3-BF4B-00C04F79EFBC}") = "UniversalSerialdemo", "UniversalSerialdemo\UniversalSerialdemo.csproj", "{EBB9D1D0-4DE9-458D-87A3-80FA878EB9C5}"
EndProject
Project("{FAE04EC0-301F-11D3-BF4B-00C04F79EFBC}") = "demo2", "demo2\demo2.csproj", "{F48B09F9-105D-4A72-9150-0E12A2A9527D}"
EndProject
Project("{FAE04EC0-301F-11D3-BF4B-00C04F79EFBC}") = "利用事件实现串口控制台通信", "利用事件实现串口控制台通信\利用事件实现串口控制台通信.csproj", "{FF29DC92-5192-47B7-B1B7-48CD216E7291}"
EndProject
Project("{FAE04EC0-301F-11D3-BF4B-00C04F79EFBC}") = "demo2example", "demo2expamle\demo2example.csproj", "{A0CA1D4E-2862-4D9E-9F42-7869D94D33F9}"
EndProject
Project("{FAE04EC0-301F-11D3-BF4B-00C04F79EFBC}") = "空合并运算", "空合并运算\空合并运算.csproj", "{DA33C5B9-0522-48C6-B396-7A87E7165722}"
EndProject
Global
	GlobalSection(SolutionConfigurationPlatforms) = preSolution
		Debug|Any CPU = Debug|Any CPU
		Release|Any CPU = Release|Any CPU
	EndGlobalSection
	GlobalSection(ProjectConfigurationPlatforms) = postSolution
		{EBB9D1D0-4DE9-458D-87A3-80FA878EB9C5}.Debug|Any CPU.ActiveCfg = Debug|Any CPU
		{EBB9D1D0-4DE9-458D-87A3-80FA878EB9C5}.Debug|Any CPU.Build.0 = Debug|Any CPU
		{EBB9D1D0-4DE9-458D-87A3-80FA878EB9C5}.Release|Any CPU.ActiveCfg = Release|Any CPU
		{EBB9D1D0-4DE9-458D-87A3-80FA878EB9C5}.Release|Any CPU.Build.0 = Release|Any CPU
		{F48B09F9-105D-4A72-9150-0E12A2A9527D}.Debug|Any CPU.ActiveCfg = Debug|Any CPU
		{F48B09F9-105D-4A72-9150-0E12A2A9527D}.Debug|Any CPU.Build.0 = Debug|Any CPU
		{F48B09F9-105D-4A72-9150-0E12A2A9527D}.Release|Any CPU.ActiveCfg = Release|Any CPU
		{F48B09F9-105D-4A72-9150-0E12A2A9527D}.Release|Any CPU.Build.0 = Release|Any CPU
		{FF29DC92-5192-47B7-B1B7-48CD216E7291}.Debug|Any CPU.ActiveCfg = Debug|Any CPU
		{FF29DC92-5192-47B7-B1B7-48CD216E7291}.Debug|Any CPU.Build.0 = Debug|Any CPU
		{FF29DC92-5192-47B7-B1B7-48CD216E7291}.Release|Any CPU.ActiveCfg = Release|Any CPU
		{FF29DC92-5192-47B7-B1B7-48CD216E7291}.Release|Any CPU.Build.0 = Release|Any CPU
		{A0CA1D4E-2862-4D9E-9F42-7869D94D33F9}.Debug|Any CPU.ActiveCfg = Debug|Any CPU
		{A0CA1D4E-2862-4D9E-9F42-7869D94D33F9}.Debug|Any CPU.Build.0 = Debug|Any CPU
		{A0CA1D4E-2862-4D9E-9F42-7869D94D33F9}.Release|Any CPU.ActiveCfg = Release|Any CPU
		{A0CA1D4E-2862-4D9E-9F42-7869D94D33F9}.Release|Any CPU.Build.0 = Release|Any CPU
		{DA33C5B9-0522-48C6-B396-7A87E7165722}.Debug|Any CPU.ActiveCfg = Debug|Any CPU
		{DA33C5B9-0522-48C6-B396-7A87E7165722}.Debug|Any CPU.Build.0 = Debug|Any CPU
		{DA33C5B9-0522-48C6-B396-7A87E7165722}.Release|Any CPU.ActiveCfg = Release|Any CPU
		{DA33C5B9-0522-48C6-B396-7A87E7165722}.Release|Any CPU.Build.0 = Release|Any CPU
	EndGlobalSection
	GlobalSection(SolutionProperties) = preSolution
		HideSolutionNode = FALSE
	EndGlobalSection
EndGlobal
