
Microsoft Visual Studio Solution File, Format Version 12.00
# Visual Studio Version 16
VisualStudioVersion = 16.0.30611.23
MinimumVisualStudioVersion = 10.0.40219.1
Project("{FAE04EC0-301F-11D3-BF4B-00C04F79EFBC}") = "ConsoleApp1", "ConsoleApp1.csproj", "{A17318E2-1650-48F0-B392-28BF2509AD26}"
EndProject
Global
	GlobalSection(SolutionConfigurationPlatforms) = preSolution
		Debug|Any CPU = Debug|Any CPU
		Release|Any CPU = Release|Any CPU
	EndGlobalSection
	GlobalSection(ProjectConfigurationPlatforms) = postSolution
		{A17318E2-1650-48F0-B392-28BF2509AD26}.Debug|Any CPU.ActiveCfg = Debug|Any CPU
		{A17318E2-1650-48F0-B392-28BF2509AD26}.Debug|Any CPU.Build.0 = Debug|Any CPU
		{A17318E2-1650-48F0-B392-28BF2509AD26}.Release|Any CPU.ActiveCfg = Release|Any CPU
		{A17318E2-1650-48F0-B392-28BF2509AD26}.Release|Any CPU.Build.0 = Release|Any CPU
	EndGlobalSection
	GlobalSection(SolutionProperties) = preSolution
		HideSolutionNode = FALSE
	EndGlobalSection
	GlobalSection(ExtensibilityGlobals) = postSolution
		SolutionGuid = {0F993C77-1B84-4601-BE27-75A6BBD5D129}
	EndGlobalSection
EndGlobal
