
Microsoft Visual Studio Solution File, Format Version 12.00
# Visual Studio Version 16
VisualStudioVersion = 16.0.30330.147
MinimumVisualStudioVersion = 10.0.40219.1
Project("{FAE04EC0-301F-11D3-BF4B-00C04F79EFBC}") = "DIYButtom", "DIYButtom.csproj", "{15BA7FAD-96FC-4DAF-97F0-35B8FC9300E9}"
EndProject
Project("{FAE04EC0-301F-11D3-BF4B-00C04F79EFBC}") = "UCS", "..\UCS\UCS.csproj", "{6DB6FA59-5D82-4ECD-8328-7B3224C5A260}"
EndProject
Global
	GlobalSection(SolutionConfigurationPlatforms) = preSolution
		Debug|Any CPU = Debug|Any CPU
		Release|Any CPU = Release|Any CPU
	EndGlobalSection
	GlobalSection(ProjectConfigurationPlatforms) = postSolution
		{15BA7FAD-96FC-4DAF-97F0-35B8FC9300E9}.Debug|Any CPU.ActiveCfg = Debug|Any CPU
		{15BA7FAD-96FC-4DAF-97F0-35B8FC9300E9}.Debug|Any CPU.Build.0 = Debug|Any CPU
		{15BA7FAD-96FC-4DAF-97F0-35B8FC9300E9}.Release|Any CPU.ActiveCfg = Release|Any CPU
		{15BA7FAD-96FC-4DAF-97F0-35B8FC9300E9}.Release|Any CPU.Build.0 = Release|Any CPU
		{6DB6FA59-5D82-4ECD-8328-7B3224C5A260}.Debug|Any CPU.ActiveCfg = Debug|Any CPU
		{6DB6FA59-5D82-4ECD-8328-7B3224C5A260}.Debug|Any CPU.Build.0 = Debug|Any CPU
		{6DB6FA59-5D82-4ECD-8328-7B3224C5A260}.Release|Any CPU.ActiveCfg = Release|Any CPU
		{6DB6FA59-5D82-4ECD-8328-7B3224C5A260}.Release|Any CPU.Build.0 = Release|Any CPU
	EndGlobalSection
	GlobalSection(SolutionProperties) = preSolution
		HideSolutionNode = FALSE
	EndGlobalSection
	GlobalSection(ExtensibilityGlobals) = postSolution
		SolutionGuid = {C627AFFC-D348-44A1-924A-BAD87851305D}
	EndGlobalSection
EndGlobal
