
Microsoft Visual Studio Solution File, Format Version 12.00
# Visual Studio Version 16
VisualStudioVersion = 16.0.30104.148
MinimumVisualStudioVersion = 10.0.40219.1
Project("{8BC9CEB8-8B4A-11D0-8D11-00A0C91BC942}") = "Project1", "Project1.vcxproj", "{42914CBF-2F0E-4B48-B2E2-9302E10ED6E5}"
EndProject
Global
	GlobalSection(SolutionConfigurationPlatforms) = preSolution
		Debug|x64 = Debug|x64
		Debug|x86 = Debug|x86
		Release|x64 = Release|x64
		Release|x86 = Release|x86
	EndGlobalSection
	GlobalSection(ProjectConfigurationPlatforms) = postSolution
		{42914CBF-2F0E-4B48-B2E2-9302E10ED6E5}.Debug|x64.ActiveCfg = Debug|x64
		{42914CBF-2F0E-4B48-B2E2-9302E10ED6E5}.Debug|x64.Build.0 = Debug|x64
		{42914CBF-2F0E-4B48-B2E2-9302E10ED6E5}.Debug|x86.ActiveCfg = Debug|Win32
		{42914CBF-2F0E-4B48-B2E2-9302E10ED6E5}.Debug|x86.Build.0 = Debug|Win32
		{42914CBF-2F0E-4B48-B2E2-9302E10ED6E5}.Release|x64.ActiveCfg = Release|x64
		{42914CBF-2F0E-4B48-B2E2-9302E10ED6E5}.Release|x64.Build.0 = Release|x64
		{42914CBF-2F0E-4B48-B2E2-9302E10ED6E5}.Release|x86.ActiveCfg = Release|Win32
		{42914CBF-2F0E-4B48-B2E2-9302E10ED6E5}.Release|x86.Build.0 = Release|Win32
	EndGlobalSection
	GlobalSection(SolutionProperties) = preSolution
		HideSolutionNode = FALSE
	EndGlobalSection
	GlobalSection(ExtensibilityGlobals) = postSolution
		SolutionGuid = {063A6224-9180-4F5B-A297-93F1BE48C3E9}
	EndGlobalSection
EndGlobal
