
Microsoft Visual Studio Solution File, Format Version 12.00
# Visual Studio Version 16
VisualStudioVersion = 16.0.30104.148
MinimumVisualStudioVersion = 10.0.40219.1
Project("{FAE04EC0-301F-11D3-BF4B-00C04F79EFBC}") = "asyncdemo", "asyncdemo.csproj", "{569D7A9F-6404-4A3F-8AB5-C07DC362AE6B}"
EndProject
Project("{FAE04EC0-301F-11D3-BF4B-00C04F79EFBC}") = "asyncdemo2", "..\asyncdemo2\asyncdemo2.csproj", "{03D243FA-C988-482E-BBA2-D0B42C04EF26}"
EndProject
Project("{FAE04EC0-301F-11D3-BF4B-00C04F79EFBC}") = "httpclientdemo3", "..\httpclientdemo3\httpclientdemo3.csproj", "{39D884CE-8713-40DF-A649-AE88A86D2F84}"
EndProject
Project("{FAE04EC0-301F-11D3-BF4B-00C04F79EFBC}") = "timeshowmsg", "..\timeshowmsg\timeshowmsg.csproj", "{FFC68CBA-4439-40D1-B73C-5B0D99A8D18D}"
EndProject
Project("{FAE04EC0-301F-11D3-BF4B-00C04F79EFBC}") = "multisocketdemo", "..\multisocketdemo\multisocketdemo.csproj", "{F1C1AAC0-7A36-49BF-9E5A-6EAFEDE0D5B0}"
EndProject
Project("{FAE04EC0-301F-11D3-BF4B-00C04F79EFBC}") = "poweroff", "..\poweroff\poweroff.csproj", "{BCAF6A2A-BBAA-435D-9E07-F7CF81845540}"
EndProject
Global
	GlobalSection(SolutionConfigurationPlatforms) = preSolution
		Debug|Any CPU = Debug|Any CPU
		Debug|x64 = Debug|x64
		Debug|x86 = Debug|x86
		Release|Any CPU = Release|Any CPU
		Release|x64 = Release|x64
		Release|x86 = Release|x86
	EndGlobalSection
	GlobalSection(ProjectConfigurationPlatforms) = postSolution
		{569D7A9F-6404-4A3F-8AB5-C07DC362AE6B}.Debug|Any CPU.ActiveCfg = Debug|Any CPU
		{569D7A9F-6404-4A3F-8AB5-C07DC362AE6B}.Debug|Any CPU.Build.0 = Debug|Any CPU
		{569D7A9F-6404-4A3F-8AB5-C07DC362AE6B}.Debug|x64.ActiveCfg = Debug|x64
		{569D7A9F-6404-4A3F-8AB5-C07DC362AE6B}.Debug|x64.Build.0 = Debug|x64
		{569D7A9F-6404-4A3F-8AB5-C07DC362AE6B}.Debug|x86.ActiveCfg = Debug|Any CPU
		{569D7A9F-6404-4A3F-8AB5-C07DC362AE6B}.Debug|x86.Build.0 = Debug|Any CPU
		{569D7A9F-6404-4A3F-8AB5-C07DC362AE6B}.Release|Any CPU.ActiveCfg = Release|Any CPU
		{569D7A9F-6404-4A3F-8AB5-C07DC362AE6B}.Release|Any CPU.Build.0 = Release|Any CPU
		{569D7A9F-6404-4A3F-8AB5-C07DC362AE6B}.Release|x64.ActiveCfg = Release|x64
		{569D7A9F-6404-4A3F-8AB5-C07DC362AE6B}.Release|x64.Build.0 = Release|x64
		{569D7A9F-6404-4A3F-8AB5-C07DC362AE6B}.Release|x86.ActiveCfg = Release|Any CPU
		{569D7A9F-6404-4A3F-8AB5-C07DC362AE6B}.Release|x86.Build.0 = Release|Any CPU
		{03D243FA-C988-482E-BBA2-D0B42C04EF26}.Debug|Any CPU.ActiveCfg = Debug|Any CPU
		{03D243FA-C988-482E-BBA2-D0B42C04EF26}.Debug|Any CPU.Build.0 = Debug|Any CPU
		{03D243FA-C988-482E-BBA2-D0B42C04EF26}.Debug|x64.ActiveCfg = Debug|Any CPU
		{03D243FA-C988-482E-BBA2-D0B42C04EF26}.Debug|x64.Build.0 = Debug|Any CPU
		{03D243FA-C988-482E-BBA2-D0B42C04EF26}.Debug|x86.ActiveCfg = Debug|Any CPU
		{03D243FA-C988-482E-BBA2-D0B42C04EF26}.Debug|x86.Build.0 = Debug|Any CPU
		{03D243FA-C988-482E-BBA2-D0B42C04EF26}.Release|Any CPU.ActiveCfg = Release|Any CPU
		{03D243FA-C988-482E-BBA2-D0B42C04EF26}.Release|Any CPU.Build.0 = Release|Any CPU
		{03D243FA-C988-482E-BBA2-D0B42C04EF26}.Release|x64.ActiveCfg = Release|Any CPU
		{03D243FA-C988-482E-BBA2-D0B42C04EF26}.Release|x64.Build.0 = Release|Any CPU
		{03D243FA-C988-482E-BBA2-D0B42C04EF26}.Release|x86.ActiveCfg = Release|Any CPU
		{03D243FA-C988-482E-BBA2-D0B42C04EF26}.Release|x86.Build.0 = Release|Any CPU
		{39D884CE-8713-40DF-A649-AE88A86D2F84}.Debug|Any CPU.ActiveCfg = Debug|Any CPU
		{39D884CE-8713-40DF-A649-AE88A86D2F84}.Debug|Any CPU.Build.0 = Debug|Any CPU
		{39D884CE-8713-40DF-A649-AE88A86D2F84}.Debug|x64.ActiveCfg = Debug|Any CPU
		{39D884CE-8713-40DF-A649-AE88A86D2F84}.Debug|x64.Build.0 = Debug|Any CPU
		{39D884CE-8713-40DF-A649-AE88A86D2F84}.Debug|x86.ActiveCfg = Debug|Any CPU
		{39D884CE-8713-40DF-A649-AE88A86D2F84}.Debug|x86.Build.0 = Debug|Any CPU
		{39D884CE-8713-40DF-A649-AE88A86D2F84}.Release|Any CPU.ActiveCfg = Release|Any CPU
		{39D884CE-8713-40DF-A649-AE88A86D2F84}.Release|Any CPU.Build.0 = Release|Any CPU
		{39D884CE-8713-40DF-A649-AE88A86D2F84}.Release|x64.ActiveCfg = Release|Any CPU
		{39D884CE-8713-40DF-A649-AE88A86D2F84}.Release|x64.Build.0 = Release|Any CPU
		{39D884CE-8713-40DF-A649-AE88A86D2F84}.Release|x86.ActiveCfg = Release|Any CPU
		{39D884CE-8713-40DF-A649-AE88A86D2F84}.Release|x86.Build.0 = Release|Any CPU
		{FFC68CBA-4439-40D1-B73C-5B0D99A8D18D}.Debug|Any CPU.ActiveCfg = Debug|Any CPU
		{FFC68CBA-4439-40D1-B73C-5B0D99A8D18D}.Debug|Any CPU.Build.0 = Debug|Any CPU
		{FFC68CBA-4439-40D1-B73C-5B0D99A8D18D}.Debug|x64.ActiveCfg = Debug|Any CPU
		{FFC68CBA-4439-40D1-B73C-5B0D99A8D18D}.Debug|x64.Build.0 = Debug|Any CPU
		{FFC68CBA-4439-40D1-B73C-5B0D99A8D18D}.Debug|x86.ActiveCfg = Debug|Any CPU
		{FFC68CBA-4439-40D1-B73C-5B0D99A8D18D}.Debug|x86.Build.0 = Debug|Any CPU
		{FFC68CBA-4439-40D1-B73C-5B0D99A8D18D}.Release|Any CPU.ActiveCfg = Release|Any CPU
		{FFC68CBA-4439-40D1-B73C-5B0D99A8D18D}.Release|Any CPU.Build.0 = Release|Any CPU
		{FFC68CBA-4439-40D1-B73C-5B0D99A8D18D}.Release|x64.ActiveCfg = Release|Any CPU
		{FFC68CBA-4439-40D1-B73C-5B0D99A8D18D}.Release|x64.Build.0 = Release|Any CPU
		{FFC68CBA-4439-40D1-B73C-5B0D99A8D18D}.Release|x86.ActiveCfg = Release|Any CPU
		{FFC68CBA-4439-40D1-B73C-5B0D99A8D18D}.Release|x86.Build.0 = Release|Any CPU
		{F1C1AAC0-7A36-49BF-9E5A-6EAFEDE0D5B0}.Debug|Any CPU.ActiveCfg = Debug|Any CPU
		{F1C1AAC0-7A36-49BF-9E5A-6EAFEDE0D5B0}.Debug|Any CPU.Build.0 = Debug|Any CPU
		{F1C1AAC0-7A36-49BF-9E5A-6EAFEDE0D5B0}.Debug|x64.ActiveCfg = Debug|Any CPU
		{F1C1AAC0-7A36-49BF-9E5A-6EAFEDE0D5B0}.Debug|x64.Build.0 = Debug|Any CPU
		{F1C1AAC0-7A36-49BF-9E5A-6EAFEDE0D5B0}.Debug|x86.ActiveCfg = Debug|Any CPU
		{F1C1AAC0-7A36-49BF-9E5A-6EAFEDE0D5B0}.Debug|x86.Build.0 = Debug|Any CPU
		{F1C1AAC0-7A36-49BF-9E5A-6EAFEDE0D5B0}.Release|Any CPU.ActiveCfg = Release|Any CPU
		{F1C1AAC0-7A36-49BF-9E5A-6EAFEDE0D5B0}.Release|Any CPU.Build.0 = Release|Any CPU
		{F1C1AAC0-7A36-49BF-9E5A-6EAFEDE0D5B0}.Release|x64.ActiveCfg = Release|Any CPU
		{F1C1AAC0-7A36-49BF-9E5A-6EAFEDE0D5B0}.Release|x64.Build.0 = Release|Any CPU
		{F1C1AAC0-7A36-49BF-9E5A-6EAFEDE0D5B0}.Release|x86.ActiveCfg = Release|Any CPU
		{F1C1AAC0-7A36-49BF-9E5A-6EAFEDE0D5B0}.Release|x86.Build.0 = Release|Any CPU
		{BCAF6A2A-BBAA-435D-9E07-F7CF81845540}.Debug|Any CPU.ActiveCfg = Debug|Any CPU
		{BCAF6A2A-BBAA-435D-9E07-F7CF81845540}.Debug|Any CPU.Build.0 = Debug|Any CPU
		{BCAF6A2A-BBAA-435D-9E07-F7CF81845540}.Debug|x64.ActiveCfg = Debug|Any CPU
		{BCAF6A2A-BBAA-435D-9E07-F7CF81845540}.Debug|x64.Build.0 = Debug|Any CPU
		{BCAF6A2A-BBAA-435D-9E07-F7CF81845540}.Debug|x86.ActiveCfg = Debug|Any CPU
		{BCAF6A2A-BBAA-435D-9E07-F7CF81845540}.Debug|x86.Build.0 = Debug|Any CPU
		{BCAF6A2A-BBAA-435D-9E07-F7CF81845540}.Release|Any CPU.ActiveCfg = Release|Any CPU
		{BCAF6A2A-BBAA-435D-9E07-F7CF81845540}.Release|Any CPU.Build.0 = Release|Any CPU
		{BCAF6A2A-BBAA-435D-9E07-F7CF81845540}.Release|x64.ActiveCfg = Release|Any CPU
		{BCAF6A2A-BBAA-435D-9E07-F7CF81845540}.Release|x64.Build.0 = Release|Any CPU
		{BCAF6A2A-BBAA-435D-9E07-F7CF81845540}.Release|x86.ActiveCfg = Release|Any CPU
		{BCAF6A2A-BBAA-435D-9E07-F7CF81845540}.Release|x86.Build.0 = Release|Any CPU
	EndGlobalSection
	GlobalSection(SolutionProperties) = preSolution
		HideSolutionNode = FALSE
	EndGlobalSection
	GlobalSection(ExtensibilityGlobals) = postSolution
		SolutionGuid = {C9581D5C-6E59-492B-AEE6-94352CE447D4}
	EndGlobalSection
EndGlobal
