
Microsoft Visual Studio Solution File, Format Version 12.00
# Visual Studio Version 16
VisualStudioVersion = 16.0.29215.179
MinimumVisualStudioVersion = 10.0.40219.1
Project("{FAE04EC0-301F-11D3-BF4B-00C04F79EFBC}") = "genericdemo", "genericdemo\genericdemo.csproj", "{E1BB77C5-F8F7-4118-9D0A-F315B3E041B1}"
EndProject
Global
	GlobalSection(SolutionConfigurationPlatforms) = preSolution
		Debug|Any CPU = Debug|Any CPU
		Release|Any CPU = Release|Any CPU
	EndGlobalSection
	GlobalSection(ProjectConfigurationPlatforms) = postSolution
		{E1BB77C5-F8F7-4118-9D0A-F315B3E041B1}.Debug|Any CPU.ActiveCfg = Debug|Any CPU
		{E1BB77C5-F8F7-4118-9D0A-F315B3E041B1}.Debug|Any CPU.Build.0 = Debug|Any CPU
		{E1BB77C5-F8F7-4118-9D0A-F315B3E041B1}.Release|Any CPU.ActiveCfg = Release|Any CPU
		{E1BB77C5-F8F7-4118-9D0A-F315B3E041B1}.Release|Any CPU.Build.0 = Release|Any CPU
	EndGlobalSection
	GlobalSection(SolutionProperties) = preSolution
		HideSolutionNode = FALSE
	EndGlobalSection
	GlobalSection(ExtensibilityGlobals) = postSolution
		SolutionGuid = {FBF3BBA0-739E-4573-B8BD-0EC02A2AE17E}
	EndGlobalSection
EndGlobal
