
Microsoft Visual Studio Solution File, Format Version 12.00
# Visual Studio Version 16
VisualStudioVersion = 16.0.30330.147
MinimumVisualStudioVersion = 10.0.40219.1
Project("{FAE04EC0-301F-11D3-BF4B-00C04F79EFBC}") = "FormCallPython", "FormCallPython.csproj", "{C5EEFD77-2875-428A-BDB8-37F0FEBAC2EC}"
EndProject
Global
	GlobalSection(SolutionConfigurationPlatforms) = preSolution
		Debug|Any CPU = Debug|Any CPU
		Release|Any CPU = Release|Any CPU
	EndGlobalSection
	GlobalSection(ProjectConfigurationPlatforms) = postSolution
		{C5EEFD77-2875-428A-BDB8-37F0FEBAC2EC}.Debug|Any CPU.ActiveCfg = Debug|Any CPU
		{C5EEFD77-2875-428A-BDB8-37F0FEBAC2EC}.Debug|Any CPU.Build.0 = Debug|Any CPU
		{C5EEFD77-2875-428A-BDB8-37F0FEBAC2EC}.Release|Any CPU.ActiveCfg = Release|Any CPU
		{C5EEFD77-2875-428A-BDB8-37F0FEBAC2EC}.Release|Any CPU.Build.0 = Release|Any CPU
	EndGlobalSection
	GlobalSection(SolutionProperties) = preSolution
		HideSolutionNode = FALSE
	EndGlobalSection
	GlobalSection(ExtensibilityGlobals) = postSolution
		SolutionGuid = {1CA93BA8-3D68-44EF-B918-00A296A3FF41}
	EndGlobalSection
EndGlobal
