
Microsoft Visual Studio Solution File, Format Version 12.00
# Visual Studio 2012
Project("{FAE04EC0-301F-11D3-BF4B-00C04F79EFBC}") = "Dongle4Sharp", "Dongle4Sharp\Dongle4Sharp.csproj", "{2F6285E6-9E86-4F93-9B08-D0166D6ADFAF}"
EndProject
Project("{FAE04EC0-301F-11D3-BF4B-00C04F79EFBC}") = "calldongledemo", "calldongledemo\calldongledemo.csproj", "{18B29C14-6019-4F94-B8FA-238B37E37B95}"
EndProject
Global
	GlobalSection(SolutionConfigurationPlatforms) = preSolution
		Debug|Any CPU = Debug|Any CPU
		Release|Any CPU = Release|Any CPU
	EndGlobalSection
	GlobalSection(ProjectConfigurationPlatforms) = postSolution
		{2F6285E6-9E86-4F93-9B08-D0166D6ADFAF}.Debug|Any CPU.ActiveCfg = Debug|Any CPU
		{2F6285E6-9E86-4F93-9B08-D0166D6ADFAF}.Debug|Any CPU.Build.0 = Debug|Any CPU
		{2F6285E6-9E86-4F93-9B08-D0166D6ADFAF}.Release|Any CPU.ActiveCfg = Release|Any CPU
		{2F6285E6-9E86-4F93-9B08-D0166D6ADFAF}.Release|Any CPU.Build.0 = Release|Any CPU
		{18B29C14-6019-4F94-B8FA-238B37E37B95}.Debug|Any CPU.ActiveCfg = Debug|Any CPU
		{18B29C14-6019-4F94-B8FA-238B37E37B95}.Debug|Any CPU.Build.0 = Debug|Any CPU
		{18B29C14-6019-4F94-B8FA-238B37E37B95}.Release|Any CPU.ActiveCfg = Release|Any CPU
		{18B29C14-6019-4F94-B8FA-238B37E37B95}.Release|Any CPU.Build.0 = Release|Any CPU
	EndGlobalSection
	GlobalSection(SolutionProperties) = preSolution
		HideSolutionNode = FALSE
	EndGlobalSection
EndGlobal
