
Microsoft Visual Studio Solution File, Format Version 12.00
# Visual Studio Version 16
VisualStudioVersion = 16.0.29230.47
MinimumVisualStudioVersion = 10.0.40219.1
Project("{FAE04EC0-301F-11D3-BF4B-00C04F79EFBC}") = "regsetting", "regsetting\regsetting.csproj", "{9845232C-408B-40B3-A407-B86A7A8D5815}"
EndProject
Global
	GlobalSection(SolutionConfigurationPlatforms) = preSolution
		Debug|Any CPU = Debug|Any CPU
		Debug|x64 = Debug|x64
		Release|Any CPU = Release|Any CPU
		Release|x64 = Release|x64
	EndGlobalSection
	GlobalSection(ProjectConfigurationPlatforms) = postSolution
		{9845232C-408B-40B3-A407-B86A7A8D5815}.Debug|Any CPU.ActiveCfg = Debug|Any CPU
		{9845232C-408B-40B3-A407-B86A7A8D5815}.Debug|Any CPU.Build.0 = Debug|Any CPU
		{9845232C-408B-40B3-A407-B86A7A8D5815}.Debug|x64.ActiveCfg = Debug|x64
		{9845232C-408B-40B3-A407-B86A7A8D5815}.Debug|x64.Build.0 = Debug|x64
		{9845232C-408B-40B3-A407-B86A7A8D5815}.Release|Any CPU.ActiveCfg = Release|Any CPU
		{9845232C-408B-40B3-A407-B86A7A8D5815}.Release|Any CPU.Build.0 = Release|Any CPU
		{9845232C-408B-40B3-A407-B86A7A8D5815}.Release|x64.ActiveCfg = Release|x64
		{9845232C-408B-40B3-A407-B86A7A8D5815}.Release|x64.Build.0 = Release|x64
	EndGlobalSection
	GlobalSection(SolutionProperties) = preSolution
		HideSolutionNode = FALSE
	EndGlobalSection
	GlobalSection(ExtensibilityGlobals) = postSolution
		SolutionGuid = {D9AEA65F-DCD6-4C07-B33F-AE99EE8724B2}
	EndGlobalSection
EndGlobal
