
Microsoft Visual Studio Solution File, Format Version 12.00
# Visual Studio Version 16
VisualStudioVersion = 16.0.30330.147
MinimumVisualStudioVersion = 10.0.40219.1
Project("{FAE04EC0-301F-11D3-BF4B-00C04F79EFBC}") = "Callpythondemo2", "Callpythondemo2.csproj", "{48CD6824-A434-42F1-AB7A-57E8C9A05C49}"
EndProject
Global
	GlobalSection(SolutionConfigurationPlatforms) = preSolution
		Debug|Any CPU = Debug|Any CPU
		Release|Any CPU = Release|Any CPU
	EndGlobalSection
	GlobalSection(ProjectConfigurationPlatforms) = postSolution
		{48CD6824-A434-42F1-AB7A-57E8C9A05C49}.Debug|Any CPU.ActiveCfg = Debug|Any CPU
		{48CD6824-A434-42F1-AB7A-57E8C9A05C49}.Debug|Any CPU.Build.0 = Debug|Any CPU
		{48CD6824-A434-42F1-AB7A-57E8C9A05C49}.Release|Any CPU.ActiveCfg = Release|Any CPU
		{48CD6824-A434-42F1-AB7A-57E8C9A05C49}.Release|Any CPU.Build.0 = Release|Any CPU
	EndGlobalSection
	GlobalSection(SolutionProperties) = preSolution
		HideSolutionNode = FALSE
	EndGlobalSection
	GlobalSection(ExtensibilityGlobals) = postSolution
		SolutionGuid = {3EA504C9-5DB7-4949-B149-DC39D4AFFBB8}
	EndGlobalSection
EndGlobal
