
Microsoft Visual Studio Solution File, Format Version 12.00
# Visual Studio Version 16
VisualStudioVersion = 16.0.30320.27
MinimumVisualStudioVersion = 10.0.40219.1
Project("{FAE04EC0-301F-11D3-BF4B-00C04F79EFBC}") = "Pipclient", "Pipclient.csproj", "{4A1FC936-5A46-4C25-ADAA-6960D6950385}"
EndProject
Global
	GlobalSection(SolutionConfigurationPlatforms) = preSolution
		Debug|Any CPU = Debug|Any CPU
		Release|Any CPU = Release|Any CPU
	EndGlobalSection
	GlobalSection(ProjectConfigurationPlatforms) = postSolution
		{4A1FC936-5A46-4C25-ADAA-6960D6950385}.Debug|Any CPU.ActiveCfg = Debug|Any CPU
		{4A1FC936-5A46-4C25-ADAA-6960D6950385}.Debug|Any CPU.Build.0 = Debug|Any CPU
		{4A1FC936-5A46-4C25-ADAA-6960D6950385}.Release|Any CPU.ActiveCfg = Release|Any CPU
		{4A1FC936-5A46-4C25-ADAA-6960D6950385}.Release|Any CPU.Build.0 = Release|Any CPU
	EndGlobalSection
	GlobalSection(SolutionProperties) = preSolution
		HideSolutionNode = FALSE
	EndGlobalSection
	GlobalSection(ExtensibilityGlobals) = postSolution
		SolutionGuid = {66D266AD-6892-4BE4-AE63-E058D2E43A51}
	EndGlobalSection
EndGlobal
