
Microsoft Visual Studio Solution File, Format Version 12.00
# Visual Studio 14
VisualStudioVersion = 14.0.25420.1
MinimumVisualStudioVersion = 10.0.40219.1
Project("{FAE04EC0-301F-11D3-BF4B-00C04F79EFBC}") = "camera", "camera\camera.csproj", "{02AB33A7-417D-4D79-83A3-94EA7C2A5FB9}"
EndProject
Project("{FAE04EC0-301F-11D3-BF4B-00C04F79EFBC}") = "camerademo2", "camerademo2\camerademo2.csproj", "{A082BA4A-4A79-46CC-B89A-9DCB985C3E0D}"
EndProject
Project("{FAE04EC0-301F-11D3-BF4B-00C04F79EFBC}") = "capturedemo", "capturedemo\capturedemo.csproj", "{7ABA7FD5-E5A8-4DAE-9584-CFFB389B2D55}"
EndProject
Global
	GlobalSection(SolutionConfigurationPlatforms) = preSolution
		Debug|Any CPU = Debug|Any CPU
		Release|Any CPU = Release|Any CPU
	EndGlobalSection
	GlobalSection(ProjectConfigurationPlatforms) = postSolution
		{02AB33A7-417D-4D79-83A3-94EA7C2A5FB9}.Debug|Any CPU.ActiveCfg = Debug|Any CPU
		{02AB33A7-417D-4D79-83A3-94EA7C2A5FB9}.Debug|Any CPU.Build.0 = Debug|Any CPU
		{02AB33A7-417D-4D79-83A3-94EA7C2A5FB9}.Release|Any CPU.ActiveCfg = Release|Any CPU
		{02AB33A7-417D-4D79-83A3-94EA7C2A5FB9}.Release|Any CPU.Build.0 = Release|Any CPU
		{A082BA4A-4A79-46CC-B89A-9DCB985C3E0D}.Debug|Any CPU.ActiveCfg = Debug|Any CPU
		{A082BA4A-4A79-46CC-B89A-9DCB985C3E0D}.Debug|Any CPU.Build.0 = Debug|Any CPU
		{A082BA4A-4A79-46CC-B89A-9DCB985C3E0D}.Release|Any CPU.ActiveCfg = Release|Any CPU
		{A082BA4A-4A79-46CC-B89A-9DCB985C3E0D}.Release|Any CPU.Build.0 = Release|Any CPU
		{7ABA7FD5-E5A8-4DAE-9584-CFFB389B2D55}.Debug|Any CPU.ActiveCfg = Debug|Any CPU
		{7ABA7FD5-E5A8-4DAE-9584-CFFB389B2D55}.Debug|Any CPU.Build.0 = Debug|Any CPU
		{7ABA7FD5-E5A8-4DAE-9584-CFFB389B2D55}.Release|Any CPU.ActiveCfg = Release|Any CPU
		{7ABA7FD5-E5A8-4DAE-9584-CFFB389B2D55}.Release|Any CPU.Build.0 = Release|Any CPU
	EndGlobalSection
	GlobalSection(SolutionProperties) = preSolution
		HideSolutionNode = FALSE
	EndGlobalSection
EndGlobal
