
Microsoft Visual Studio Solution File, Format Version 12.00
# Visual Studio 14
VisualStudioVersion = 14.0.23107.0
MinimumVisualStudioVersion = 10.0.40219.1
Project("{FAE04EC0-301F-11D3-BF4B-00C04F79EFBC}") = "package", "package\package.csproj", "{C1CCBA07-CFF1-41C2-B0C1-AC8D0E12FD4E}"
EndProject
Global
	GlobalSection(SolutionConfigurationPlatforms) = preSolution
		Debug|Any CPU = Debug|Any CPU
		Release|Any CPU = Release|Any CPU
	EndGlobalSection
	GlobalSection(ProjectConfigurationPlatforms) = postSolution
		{C1CCBA07-CFF1-41C2-B0C1-AC8D0E12FD4E}.Debug|Any CPU.ActiveCfg = Debug|Any CPU
		{C1CCBA07-CFF1-41C2-B0C1-AC8D0E12FD4E}.Debug|Any CPU.Build.0 = Debug|Any CPU
		{C1CCBA07-CFF1-41C2-B0C1-AC8D0E12FD4E}.Release|Any CPU.ActiveCfg = Release|Any CPU
		{C1CCBA07-CFF1-41C2-B0C1-AC8D0E12FD4E}.Release|Any CPU.Build.0 = Release|Any CPU
	EndGlobalSection
	GlobalSection(SolutionProperties) = preSolution
		HideSolutionNode = FALSE
	EndGlobalSection
EndGlobal
