
Microsoft Visual Studio Solution File, Format Version 12.00
# Visual Studio 14
VisualStudioVersion = 14.0.25420.1
MinimumVisualStudioVersion = 10.0.40219.1
Project("{FAE04EC0-301F-11D3-BF4B-00C04F79EFBC}") = "writelogdemo", "writelogdemo\writelogdemo.csproj", "{9D7320FC-2308-461F-BF69-189ACB0F4FBF}"
EndProject
Project("{FAE04EC0-301F-11D3-BF4B-00C04F79EFBC}") = "demo2", "demo2\demo2.csproj", "{63BE0BAB-3BDA-45D2-8809-A9B3102B6F27}"
EndProject
Global
	GlobalSection(SolutionConfigurationPlatforms) = preSolution
		Debug|Any CPU = Debug|Any CPU
		Release|Any CPU = Release|Any CPU
	EndGlobalSection
	GlobalSection(ProjectConfigurationPlatforms) = postSolution
		{9D7320FC-2308-461F-BF69-189ACB0F4FBF}.Debug|Any CPU.ActiveCfg = Debug|Any CPU
		{9D7320FC-2308-461F-BF69-189ACB0F4FBF}.Debug|Any CPU.Build.0 = Debug|Any CPU
		{9D7320FC-2308-461F-BF69-189ACB0F4FBF}.Release|Any CPU.ActiveCfg = Release|Any CPU
		{9D7320FC-2308-461F-BF69-189ACB0F4FBF}.Release|Any CPU.Build.0 = Release|Any CPU
		{63BE0BAB-3BDA-45D2-8809-A9B3102B6F27}.Debug|Any CPU.ActiveCfg = Debug|Any CPU
		{63BE0BAB-3BDA-45D2-8809-A9B3102B6F27}.Debug|Any CPU.Build.0 = Debug|Any CPU
		{63BE0BAB-3BDA-45D2-8809-A9B3102B6F27}.Release|Any CPU.ActiveCfg = Release|Any CPU
		{63BE0BAB-3BDA-45D2-8809-A9B3102B6F27}.Release|Any CPU.Build.0 = Release|Any CPU
	EndGlobalSection
	GlobalSection(SolutionProperties) = preSolution
		HideSolutionNode = FALSE
	EndGlobalSection
EndGlobal
